{
  "lockfileVersion": 2,
  "configVersion": 1,
  "workspaces": {
    "": {
      "name": "hermes-omp-broker-runtime",
      "dependencies": {
        "@oh-my-pi/pi-ai": "18.8.4",
        "@oh-my-pi/pi-catalog": "18.8.4",
      },
    },
  },
  "packages": {
    "@oh-my-pi/omptype": ["@oh-my-pi/omptype@18.8.4", "", {}, "sha512-oT+ENcXO7fR3As/5rrjTzsH/OnGAijI2aOOVdQMsZAFe1pEHWs+sMQb6vOy6FcJS0se2cL4WpaortLmPBB7B4g=="],

    "@oh-my-pi/pi-ai": ["@oh-my-pi/pi-ai@18.8.4", "", { "dependencies": { "@oh-my-pi/omptype": "18.8.4", "@oh-my-pi/pi-catalog": "18.8.4", "@oh-my-pi/pi-natives": "18.8.4", "@oh-my-pi/pi-utils": "18.8.4", "@oh-my-pi/pi-wire": "18.8.4" } }, "sha512-eeBeXwa33LCXJcGvPTcbPfS4RUA9Z72iI8sjMM534+2rugBwAQTHpWrqmb6ABEX9gpXWt02UmJKBXzwfaNZfBA=="],

    "@oh-my-pi/pi-catalog": ["@oh-my-pi/pi-catalog@18.8.4", "", { "dependencies": { "@oh-my-pi/omptype": "18.8.4", "@oh-my-pi/pi-utils": "18.8.4" } }, "sha512-24xv/H46z6AEBgf+fH9uxJYHFLJKOQDtCjIOMJbSEUCQg5WFZpUr/A49ERRfFGB4Bxi0+CaORnhUxNjgxyVojw=="],

    "@oh-my-pi/pi-natives": ["@oh-my-pi/pi-natives@18.8.4", "", { "optionalDependencies": { "@oh-my-pi/pi-natives-darwin-arm64": "18.8.4", "@oh-my-pi/pi-natives-darwin-x64": "18.8.4", "@oh-my-pi/pi-natives-linux-arm64": "18.8.4", "@oh-my-pi/pi-natives-linux-x64": "18.8.4", "@oh-my-pi/pi-natives-win32-arm64": "18.8.4", "@oh-my-pi/pi-natives-win32-x64": "18.8.4" } }, "sha512-uJt/3FguckQHqfuiCr0mbc6u46h1ybDDsovQs/skz9F/Od4w/4+y/ol3qgA/yA24Bd8Pn7WIp2phh8xkiQSbEw=="],

    "@oh-my-pi/pi-natives-darwin-arm64": ["@oh-my-pi/pi-natives-darwin-arm64@18.8.4", "", { "os": "darwin", "cpu": "arm64" }, "sha512-aj2ysWQRrFg9nWYyPr9IIF0YapMv9vPO1M/3+wdHVEyFtof81xScSF7/djKs2/RKD3ZOAqzatyStRXXhVPyebQ=="],

    "@oh-my-pi/pi-natives-darwin-x64": ["@oh-my-pi/pi-natives-darwin-x64@18.8.4", "", { "os": "darwin", "cpu": "x64" }, "sha512-Glf6It7VrJ1gOaMib7faq40R/6sCiePOqBNo4RtYfbbRtla4UOT4ykazis3unP8brzECgLPseP+FghgJDzyi0Q=="],

    "@oh-my-pi/pi-natives-linux-arm64": ["@oh-my-pi/pi-natives-linux-arm64@18.8.4", "", { "os": "linux", "cpu": "arm64" }, "sha512-v6ZirwFMoctO/BkXyGYxYHr9tC6gJ7fMbC+557gjc5MsFIHRIK8L6IWx6PHO9ZDvjWnKqyplDrFhf11ggModXA=="],

    "@oh-my-pi/pi-natives-linux-x64": ["@oh-my-pi/pi-natives-linux-x64@18.8.4", "", { "os": "linux", "cpu": "x64" }, "sha512-I6ACNaIyqLmGqBYef1XWV+tNaob1dYXIYSV04OczIPWQm7aBwR6LxF5akpRRpeZ9Ymen7hMQ/uo45TmEwLK0Pw=="],

    "@oh-my-pi/pi-natives-win32-arm64": ["@oh-my-pi/pi-natives-win32-arm64@18.8.4", "", { "os": "win32", "cpu": "arm64" }, "sha512-XWPnjxz1ZJaKtv0Yyy3T4gR4/ew1O3wHRLoaj5i54pSJ/x0AiTN2gDuXgDfiCaiWJCMRdHyJ7UpCALuRYPakbw=="],

    "@oh-my-pi/pi-natives-win32-x64": ["@oh-my-pi/pi-natives-win32-x64@18.8.4", "", { "os": "win32", "cpu": "x64" }, "sha512-r+v0EbK+8422+gLcof+w69pFxkzlXS+jFtSq3ymFX7RfTSR3HOeDMqixj26dBjhiKgPqiYAgqHa1DWrNvKIiBA=="],

    "@oh-my-pi/pi-utils": ["@oh-my-pi/pi-utils@18.8.4", "", { "dependencies": { "@oh-my-pi/pi-natives": "18.8.4" } }, "sha512-An+xv5hmAFVB6ITlmnakOccRiyT4C3Mh09UgEcS6BM6Ds0bR28vbBkMvagIB9cU5BECa2BAcY7et+neqGPi74g=="],

    "@oh-my-pi/pi-wire": ["@oh-my-pi/pi-wire@18.8.4", "", {}, "sha512-TdHETf8POoZuKXyM8nR8K9GOaUdg2wOJfGVv+KVm3IP1U7QVyyKc52c6nVa0XPj+of//WGqRHgIWDMMeqFA9Bg=="],
  }
}
